
Microsoft Visual Studio Solution File, Format Version 12.00
# Visual Studio Version 17
VisualStudioVersion = 17.10.34707.107
MinimumVisualStudioVersion = 10.0.40219.1
Project("{FAE04EC0-301F-11D3-BF4B-00C04F79EFBC}") = "BaseProjectMvc_Net8", "BaseProjectMvc_Net8\BaseProjectMvc_Net8.csproj", "{08B81374-77FE-4442-8D3B-4D1CF2BFB1D9}"
EndProject
Global
	GlobalSection(SolutionConfigurationPlatforms) = preSolution
		Debug|Any CPU = Debug|Any CPU
		Release|Any CPU = Release|Any CPU
	EndGlobalSection
	GlobalSection(ProjectConfigurationPlatforms) = postSolution
		{08B81374-77FE-4442-8D3B-4D1CF2BFB1D9}.Debug|Any CPU.ActiveCfg = Debug|Any CPU
		{08B81374-77FE-4442-8D3B-4D1CF2BFB1D9}.Debug|Any CPU.Build.0 = Debug|Any CPU
		{08B81374-77FE-4442-8D3B-4D1CF2BFB1D9}.Release|Any CPU.ActiveCfg = Release|Any CPU
		{08B81374-77FE-4442-8D3B-4D1CF2BFB1D9}.Release|Any CPU.Build.0 = Release|Any CPU
	EndGlobalSection
	GlobalSection(SolutionProperties) = preSolution
		HideSolutionNode = FALSE
	EndGlobalSection
	GlobalSection(ExtensibilityGlobals) = postSolution
		SolutionGuid = {F5A5F35C-71F1-4827-B307-067AC046936C}
	EndGlobalSection
EndGlobal
